// !$*UTF8*$!
{
	archiveVersion = 1;
	classes = {
	};
	objectVersion = 50;
	objects = {

/* Begin PBXBuildFile section */
		9924E7904453448E7BDA3160 /* Pods_VehicleListDemoTests.framework in Frameworks */ = {isa = PBXBuildFile; fileRef = 2DF77CF39BCB31658D1D7B4E /* Pods_VehicleListDemoTests.framework */; };
		A8822B65BFE3712BEB7368FE /* Pods_VehicleListDemo.framework in Frameworks */ = {isa = PBXBuildFile; fileRef = 1A3594140D53EF494A1C2FAA /* Pods_VehicleListDemo.framework */; };
		A8FD49652091D0FC00394597 /* AppDelegate.swift in Sources */ = {isa = PBXBuildFile; fileRef = A8FD49642091D0FC00394597 /* AppDelegate.swift */; };
		A8FD49672091D0FC00394597 /* ViewController.swift in Sources */ = {isa = PBXBuildFile; fileRef = A8FD49662091D0FC00394597 /* ViewController.swift */; };
		A8FD496A2091D0FC00394597 /* Main.storyboard in Resources */ = {isa = PBXBuildFile; fileRef = A8FD49682091D0FC00394597 /* Main.storyboard */; };
		A8FD496C2091D0FD00394597 /* Assets.xcassets in Resources */ = {isa = PBXBuildFile; fileRef = A8FD496B2091D0FD00394597 /* Assets.xcassets */; };
		A8FD496F2091D0FD00394597 /* LaunchScreen.storyboard in Resources */ = {isa = PBXBuildFile; fileRef = A8FD496D2091D0FD00394597 /* LaunchScreen.storyboard */; };
		A8FD497A2091D0FE00394597 /* VehicleListDemoTests.swift in Sources */ = {isa = PBXBuildFile; fileRef = A8FD49792091D0FE00394597 /* VehicleListDemoTests.swift */; };
/* End PBXBuildFile section */

/* Begin PBXContainerItemProxy section */
		A8FD49762091D0FE00394597 /* PBXContainerItemProxy */ = {
			isa = PBXContainerItemProxy;
			containerPortal = A8FD49592091D0FC00394597 /* Project object */;
			proxyType = 1;
			remoteGlobalIDString = A8FD49602091D0FC00394597;
			remoteInfo = VehicleListDemo;
		};
/* End PBXContainerItemProxy section */

/* Begin PBXFileReference section */
		0199CBD149D6080D3CA28A06 /* Pods-VehicleListDemoTests.release.xcconfig */ = {isa = PBXFileReference; includeInIndex = 1; lastKnownFileType = text.xcconfig; name = "Pods-VehicleListDemoTests.release.xcconfig"; path = "Pods/Target Support Files/Pods-VehicleListDemoTests/Pods-VehicleListDemoTests.release.xcconfig"; sourceTree = "<group>"; };
		1A3594140D53EF494A1C2FAA /* Pods_VehicleListDemo.framework */ = {isa = PBXFileReference; explicitFileType = wrapper.framework; includeInIndex = 0; path = Pods_VehicleListDemo.framework; sourceTree = BUILT_PRODUCTS_DIR; };
		22AE1C593F36E0F61BABF2B8 /* Pods-VehicleListDemo.debug.xcconfig */ = {isa = PBXFileReference; includeInIndex = 1; lastKnownFileType = text.xcconfig; name = "Pods-VehicleListDemo.debug.xcconfig"; path = "Pods/Target Support Files/Pods-VehicleListDemo/Pods-VehicleListDemo.debug.xcconfig"; sourceTree = "<group>"; };
		2DF77CF39BCB31658D1D7B4E /* Pods_VehicleListDemoTests.framework */ = {isa = PBXFileReference; explicitFileType = wrapper.framework; includeInIndex = 0; path = Pods_VehicleListDemoTests.framework; sourceTree = BUILT_PRODUCTS_DIR; };
		8279689F98E8A1910BD28BEE /* Pods-VehicleListDemo.release.xcconfig */ = {isa = PBXFileReference; includeInIndex = 1; lastKnownFileType = text.xcconfig; name = "Pods-VehicleListDemo.release.xcconfig"; path = "Pods/Target Support Files/Pods-VehicleListDemo/Pods-VehicleListDemo.release.xcconfig"; sourceTree = "<group>"; };
		A8FD49612091D0FC00394597 /* VehicleListDemo.app */ = {isa = PBXFileReference; explicitFileType = wrapper.application; includeInIndex = 0; path = VehicleListDemo.app; sourceTree = BUILT_PRODUCTS_DIR; };
		A8FD49642091D0FC00394597 /* AppDelegate.swift */ = {isa = PBXFileReference; lastKnownFileType = sourcecode.swift; path = AppDelegate.swift; sourceTree = "<group>"; };
		A8FD49662091D0FC00394597 /* ViewController.swift */ = {isa = PBXFileReference; lastKnownFileType = sourcecode.swift; path = ViewController.swift; sourceTree = "<group>"; };
		A8FD49692091D0FC00394597 /* Base */ = {isa = PBXFileReference; lastKnownFileType = file.storyboard; name = Base; path = Base.lproj/Main.storyboard; sourceTree = "<group>"; };
		A8FD496B2091D0FD00394597 /* Assets.xcassets */ = {isa = PBXFileReference; lastKnownFileType = folder.assetcatalog; path = Assets.xcassets; sourceTree = "<group>"; };
		A8FD496E2091D0FD00394597 /* Base */ = {isa = PBXFileReference; lastKnownFileType = file.storyboard; name = Base; path = Base.lproj/LaunchScreen.storyboard; sourceTree = "<group>"; };
		A8FD49702091D0FE00394597 /* Info.plist */ = {isa = PBXFileReference; lastKnownFileType = text.plist.xml; path = Info.plist; sourceTree = "<group>"; };
		A8FD49752091D0FE00394597 /* VehicleListDemoTests.xctest */ = {isa = PBXFileReference; explicitFileType = wrapper.cfbundle; includeInIndex = 0; path = VehicleListDemoTests.xctest; sourceTree = BUILT_PRODUCTS_DIR; };
		A8FD49792091D0FE00394597 /* VehicleListDemoTests.swift */ = {isa = PBXFileReference; lastKnownFileType = sourcecode.swift; path = VehicleListDemoTests.swift; sourceTree = "<group>"; };
		A8FD497B2091D0FE00394597 /* Info.plist */ = {isa = PBXFileReference; lastKnownFileType = text.plist.xml; path = Info.plist; sourceTree = "<group>"; };
		F3FE3CDB457A843F041BF5CB /* Pods-VehicleListDemoTests.debug.xcconfig */ = {isa = PBXFileReference; includeInIndex = 1; lastKnownFileType = text.xcconfig; name = "Pods-VehicleListDemoTests.debug.xcconfig"; path = "Pods/Target Support Files/Pods-VehicleListDemoTests/Pods-VehicleListDemoTests.debug.xcconfig"; sourceTree = "<group>"; };
/* End PBXFileReference section */

/* Begin PBXFrameworksBuildPhase section */
		A8FD495E2091D0FC00394597 /* Frameworks */ = {
			isa = PBXFrameworksBuildPhase;
			buildActionMask = 2147483647;
			files = (
				A8822B65BFE3712BEB7368FE /* Pods_VehicleListDemo.framework in Frameworks */,
			);
			runOnlyForDeploymentPostprocessing = 0;
		};
		A8FD49722091D0FE00394597 /* Frameworks */ = {
			isa = PBXFrameworksBuildPhase;
			buildActionMask = 2147483647;
			files = (
				9924E7904453448E7BDA3160 /* Pods_VehicleListDemoTests.framework in Frameworks */,
			);
			runOnlyForDeploymentPostprocessing = 0;
		};
/* End PBXFrameworksBuildPhase section */

/* Begin PBXGroup section */
		680561F6233E6B53B44A909C /* Pods */ = {
			isa = PBXGroup;
			children = (
				22AE1C593F36E0F61BABF2B8 /* Pods-VehicleListDemo.debug.xcconfig */,
				8279689F98E8A1910BD28BEE /* Pods-VehicleListDemo.release.xcconfig */,
				F3FE3CDB457A843F041BF5CB /* Pods-VehicleListDemoTests.debug.xcconfig */,
				0199CBD149D6080D3CA28A06 /* Pods-VehicleListDemoTests.release.xcconfig */,
			);
			name = Pods;
			sourceTree = "<group>";
		};
		844AB47424C668DF12241E33 /* Frameworks */ = {
			isa = PBXGroup;
			children = (
				1A3594140D53EF494A1C2FAA /* Pods_VehicleListDemo.framework */,
				2DF77CF39BCB31658D1D7B4E /* Pods_VehicleListDemoTests.framework */,
			);
			name = Frameworks;
			sourceTree = "<group>";
		};
		A8FD49582091D0FC00394597 = {
			isa = PBXGroup;
			children = (
				A8FD49632091D0FC00394597 /* VehicleListDemo */,
				A8FD49782091D0FE00394597 /* VehicleListDemoTests */,
				A8FD49622091D0FC00394597 /* Products */,
				680561F6233E6B53B44A909C /* Pods */,
				844AB47424C668DF12241E33 /* Frameworks */,
			);
			sourceTree = "<group>";
		};
		A8FD49622091D0FC00394597 /* Products */ = {
			isa = PBXGroup;
			children = (
				A8FD49612091D0FC00394597 /* VehicleListDemo.app */,
				A8FD49752091D0FE00394597 /* VehicleListDemoTests.xctest */,
			);
			name = Products;
			sourceTree = "<group>";
		};
		A8FD49632091D0FC00394597 /* VehicleListDemo */ = {
			isa = PBXGroup;
			children = (
				A8FD49642091D0FC00394597 /* AppDelegate.swift */,
				A8FD49662091D0FC00394597 /* ViewController.swift */,
				A8FD49682091D0FC00394597 /* Main.storyboard */,
				A8FD49882091D7EF00394597 /* Utilities */,
				A8FD49842091D7C200394597 /* List */,
				A8FD498A2091D8F100394597 /* Map */,
				A8FD496B2091D0FD00394597 /* Assets.xcassets */,
				A8FD496D2091D0FD00394597 /* LaunchScreen.storyboard */,
				A8FD49702091D0FE00394597 /* Info.plist */,
			);
			path = VehicleListDemo;
			sourceTree = "<group>";
		};
		A8FD49782091D0FE00394597 /* VehicleListDemoTests */ = {
			isa = PBXGroup;
			children = (
				A8FD49792091D0FE00394597 /* VehicleListDemoTests.swift */,
				A8FD497B2091D0FE00394597 /* Info.plist */,
			);
			path = VehicleListDemoTests;
			sourceTree = "<group>";
		};
		A8FD49842091D7C200394597 /* List */ = {
			isa = PBXGroup;
			children = (
				A8FD49872091D7DA00394597 /* Views */,
				A8FD49862091D7D300394597 /* ViewModel */,
				A8FD49852091D7CB00394597 /* Controllers */,
			);
			path = List;
			sourceTree = "<group>";
		};
		A8FD49852091D7CB00394597 /* Controllers */ = {
			isa = PBXGroup;
			children = (
			);
			path = Controllers;
			sourceTree = "<group>";
		};
		A8FD49862091D7D300394597 /* ViewModel */ = {
			isa = PBXGroup;
			children = (
			);
			path = ViewModel;
			sourceTree = "<group>";
		};
		A8FD49872091D7DA00394597 /* Views */ = {
			isa = PBXGroup;
			children = (
			);
			path = Views;
			sourceTree = "<group>";
		};
		A8FD49882091D7EF00394597 /* Utilities */ = {
			isa = PBXGroup;
			children = (
				A8FD49892091D7EF00394597 /* Extensions */,
			);
			path = Utilities;
			sourceTree = "<group>";
		};
		A8FD49892091D7EF00394597 /* Extensions */ = {
			isa = PBXGroup;
			children = (
			);
			path = Extensions;
			sourceTree = "<group>";
		};
		A8FD498A2091D8F100394597 /* Map */ = {
			isa = PBXGroup;
			children = (
				A8FD498C2091D90100394597 /* Views */,
				A8FD498D2091D90900394597 /* ViewModel */,
				A8FD498B2091D8FB00394597 /* Controllers */,
			);
			path = Map;
			sourceTree = "<group>";
		};
		A8FD498B2091D8FB00394597 /* Controllers */ = {
			isa = PBXGroup;
			children = (
			);
			path = Controllers;
			sourceTree = "<group>";
		};
		A8FD498C2091D90100394597 /* Views */ = {
			isa = PBXGroup;
			children = (
			);
			path = Views;
			sourceTree = "<group>";
		};
		A8FD498D2091D90900394597 /* ViewModel */ = {
			isa = PBXGroup;
			children = (
			);
			path = ViewModel;
			sourceTree = "<group>";
		};
/* End PBXGroup section */

/* Begin PBXNativeTarget section */
		A8FD49602091D0FC00394597 /* VehicleListDemo */ = {
			isa = PBXNativeTarget;
			buildConfigurationList = A8FD497E2091D0FE00394597 /* Build configuration list for PBXNativeTarget "VehicleListDemo" */;
			buildPhases = (
				BD9034D3CCCE5D13E1594BEE /* [CP] Check Pods Manifest.lock */,
				A8FD495D2091D0FC00394597 /* Sources */,
				A8FD495E2091D0FC00394597 /* Frameworks */,
				A8FD495F2091D0FC00394597 /* Resources */,
			);
			buildRules = (
			);
			dependencies = (
			);
			name = VehicleListDemo;
			productName = VehicleListDemo;
			productReference = A8FD49612091D0FC00394597 /* VehicleListDemo.app */;
			productType = "com.apple.product-type.application";
		};
		A8FD49742091D0FE00394597 /* VehicleListDemoTests */ = {
			isa = PBXNativeTarget;
			buildConfigurationList = A8FD49812091D0FE00394597 /* Build configuration list for PBXNativeTarget "VehicleListDemoTests" */;
			buildPhases = (
				DD95DA3A465B9E5B2BB9C101 /* [CP] Check Pods Manifest.lock */,
				A8FD49712091D0FE00394597 /* Sources */,
				A8FD49722091D0FE00394597 /* Frameworks */,
				A8FD49732091D0FE00394597 /* Resources */,
				C436082A1788D8406CA9C524 /* [CP] Embed Pods Frameworks */,
			);
			buildRules = (
			);
			dependencies = (
				A8FD49772091D0FE00394597 /* PBXTargetDependency */,
			);
			name = VehicleListDemoTests;
			productName = VehicleListDemoTests;
			productReference = A8FD49752091D0FE00394597 /* VehicleListDemoTests.xctest */;
			productType = "com.apple.product-type.bundle.unit-test";
		};
/* End PBXNativeTarget section */

/* Begin PBXProject section */
		A8FD49592091D0FC00394597 /* Project object */ = {
			isa = PBXProject;
			attributes = {
				LastSwiftUpdateCheck = 0930;
				LastUpgradeCheck = 0930;
				ORGANIZATIONNAME = ArkTechs;
				TargetAttributes = {
					A8FD49602091D0FC00394597 = {
						CreatedOnToolsVersion = 9.3;
					};
					A8FD49742091D0FE00394597 = {
						CreatedOnToolsVersion = 9.3;
						TestTargetID = A8FD49602091D0FC00394597;
					};
				};
			};
			buildConfigurationList = A8FD495C2091D0FC00394597 /* Build configuration list for PBXProject "VehicleListDemo" */;
			compatibilityVersion = "Xcode 9.3";
			developmentRegion = en;
			hasScannedForEncodings = 0;
			knownRegions = (
				en,
				Base,
			);
			mainGroup = A8FD49582091D0FC00394597;
			productRefGroup = A8FD49622091D0FC00394597 /* Products */;
			projectDirPath = "";
			projectRoot = "";
			targets = (
				A8FD49602091D0FC00394597 /* VehicleListDemo */,
				A8FD49742091D0FE00394597 /* VehicleListDemoTests */,
			);
		};
/* End PBXProject section */

/* Begin PBXResourcesBuildPhase section */
		A8FD495F2091D0FC00394597 /* Resources */ = {
			isa = PBXResourcesBuildPhase;
			buildActionMask = 2147483647;
			files = (
				A8FD496F2091D0FD00394597 /* LaunchScreen.storyboard in Resources */,
				A8FD496C2091D0FD00394597 /* Assets.xcassets in Resources */,
				A8FD496A2091D0FC00394597 /* Main.storyboard in Resources */,
			);
			runOnlyForDeploymentPostprocessing = 0;
		};
		A8FD49732091D0FE00394597 /* Resources */ = {
			isa = PBXResourcesBuildPhase;
			buildActionMask = 2147483647;
			files = (
			);
			runOnlyForDeploymentPostprocessing = 0;
		};
/* End PBXResourcesBuildPhase section */

/* Begin PBXShellScriptBuildPhase section */
		BD9034D3CCCE5D13E1594BEE /* [CP] Check Pods Manifest.lock */ = {
			isa = PBXShellScriptBuildPhase;
			buildActionMask = 2147483647;
			files = (
			);
			inputPaths = (
				"${PODS_PODFILE_DIR_PATH}/Podfile.lock",
				"${PODS_ROOT}/Manifest.lock",
			);
			name = "[CP] Check Pods Manifest.lock";
			outputPaths = (
				"$(DERIVED_FILE_DIR)/Pods-VehicleListDemo-checkManifestLockResult.txt",
			);
			runOnlyForDeploymentPostprocessing = 0;
			shellPath = /bin/sh;
			shellScript = "diff \"${PODS_PODFILE_DIR_PATH}/Podfile.lock\" \"${PODS_ROOT}/Manifest.lock\" > /dev/null\nif [ $? != 0 ] ; then\n    # print error to STDERR\n    echo \"error: The sandbox is not in sync with the Podfile.lock. Run 'pod install' or update your CocoaPods installation.\" >&2\n    exit 1\nfi\n# This output is used by Xcode 'outputs' to avoid re-running this script phase.\necho \"SUCCESS\" > \"${SCRIPT_OUTPUT_FILE_0}\"\n";
			showEnvVarsInLog = 0;
		};
		C436082A1788D8406CA9C524 /* [CP] Embed Pods Frameworks */ = {
			isa = PBXShellScriptBuildPhase;
			buildActionMask = 2147483647;
			files = (
			);
			inputPaths = (
				"${SRCROOT}/Pods/Target Support Files/Pods-VehicleListDemoTests/Pods-VehicleListDemoTests-frameworks.sh",
				"${BUILT_PRODUCTS_DIR}/Nimble/Nimble.framework",
				"${BUILT_PRODUCTS_DIR}/Quick/Quick.framework",
			);
			name = "[CP] Embed Pods Frameworks";
			outputPaths = (
				"${TARGET_BUILD_DIR}/${FRAMEWORKS_FOLDER_PATH}/Nimble.framework",
				"${TARGET_BUILD_DIR}/${FRAMEWORKS_FOLDER_PATH}/Quick.framework",
			);
			runOnlyForDeploymentPostprocessing = 0;
			shellPath = /bin/sh;
			shellScript = "\"${SRCROOT}/Pods/Target Support Files/Pods-VehicleListDemoTests/Pods-VehicleListDemoTests-frameworks.sh\"\n";
			showEnvVarsInLog = 0;
		};
		DD95DA3A465B9E5B2BB9C101 /* [CP] Check Pods Manifest.lock */ = {
			isa = PBXShellScriptBuildPhase;
			buildActionMask = 2147483647;
			files = (
			);
			inputPaths = (
				"${PODS_PODFILE_DIR_PATH}/Podfile.lock",
				"${PODS_ROOT}/Manifest.lock",
			);
			name = "[CP] Check Pods Manifest.lock";
			outputPaths = (
				"$(DERIVED_FILE_DIR)/Pods-VehicleListDemoTests-checkManifestLockResult.txt",
			);
			runOnlyForDeploymentPostprocessing = 0;
			shellPath = /bin/sh;
			shellScript = "diff \"${PODS_PODFILE_DIR_PATH}/Podfile.lock\" \"${PODS_ROOT}/Manifest.lock\" > /dev/null\nif [ $? != 0 ] ; then\n    # print error to STDERR\n    echo \"error: The sandbox is not in sync with the Podfile.lock. Run 'pod install' or update your CocoaPods installation.\" >&2\n    exit 1\nfi\n# This output is used by Xcode 'outputs' to avoid re-running this script phase.\necho \"SUCCESS\" > \"${SCRIPT_OUTPUT_FILE_0}\"\n";
			showEnvVarsInLog = 0;
		};
/* End PBXShellScriptBuildPhase section */

/* Begin PBXSourcesBuildPhase section */
		A8FD495D2091D0FC00394597 /* Sources */ = {
			isa = PBXSourcesBuildPhase;
			buildActionMask = 2147483647;
			files = (
				A8FD49672091D0FC00394597 /* ViewController.swift in Sources */,
				A8FD49652091D0FC00394597 /* AppDelegate.swift in Sources */,
			);
			runOnlyForDeploymentPostprocessing = 0;
		};
		A8FD49712091D0FE00394597 /* Sources */ = {
			isa = PBXSourcesBuildPhase;
			buildActionMask = 2147483647;
			files = (
				A8FD497A2091D0FE00394597 /* VehicleListDemoTests.swift in Sources */,
			);
			runOnlyForDeploymentPostprocessing = 0;
		};
/* End PBXSourcesBuildPhase section */

/* Begin PBXTargetDependency section */
		A8FD49772091D0FE00394597 /* PBXTargetDependency */ = {
			isa = PBXTargetDependency;
			target = A8FD49602091D0FC00394597 /* VehicleListDemo */;
			targetProxy = A8FD49762091D0FE00394597 /* PBXContainerItemProxy */;
		};
/* End PBXTargetDependency section */

/* Begin PBXVariantGroup section */
		A8FD49682091D0FC00394597 /* Main.storyboard */ = {
			isa = PBXVariantGroup;
			children = (
				A8FD49692091D0FC00394597 /* Base */,
			);
			name = Main.storyboard;
			sourceTree = "<group>";
		};
		A8FD496D2091D0FD00394597 /* LaunchScreen.storyboard */ = {
			isa = PBXVariantGroup;
			children = (
				A8FD496E2091D0FD00394597 /* Base */,
			);
			name = LaunchScreen.storyboard;
			sourceTree = "<group>";
		};
/* End PBXVariantGroup section */

/* Begin XCBuildConfiguration section */
		A8FD497C2091D0FE00394597 /* Debug */ = {
			isa = XCBuildConfiguration;
			buildSettings = {
				ALWAYS_SEARCH_USER_PATHS = NO;
				CLANG_ANALYZER_NONNULL = YES;
				CLANG_ANALYZER_NUMBER_OBJECT_CONVERSION = YES_AGGRESSIVE;
				CLANG_CXX_LANGUAGE_STANDARD = "gnu++14";
				CLANG_CXX_LIBRARY = "libc++";
				CLANG_ENABLE_MODULES = YES;
				CLANG_ENABLE_OBJC_ARC = YES;
				CLANG_ENABLE_OBJC_WEAK = YES;
				CLANG_WARN_BLOCK_CAPTURE_AUTORELEASING = YES;
				CLANG_WARN_BOOL_CONVERSION = YES;
				CLANG_WARN_COMMA = YES;
				CLANG_WARN_CONSTANT_CONVERSION = YES;
				CLANG_WARN_DEPRECATED_OBJC_IMPLEMENTATIONS = YES;
				CLANG_WARN_DIRECT_OBJC_ISA_USAGE = YES_ERROR;
				CLANG_WARN_DOCUMENTATION_COMMENTS = YES;
				CLANG_WARN_EMPTY_BODY = YES;
				CLANG_WARN_ENUM_CONVERSION = YES;
				CLANG_WARN_INFINITE_RECURSION = YES;
				CLANG_WARN_INT_CONVERSION = YES;
				CLANG_WARN_NON_LITERAL_NULL_CONVERSION = YES;
				CLANG_WARN_OBJC_IMPLICIT_RETAIN_SELF = YES;
				CLANG_WARN_OBJC_LITERAL_CONVERSION = YES;
				CLANG_WARN_OBJC_ROOT_CLASS = YES_ERROR;
				CLANG_WARN_RANGE_LOOP_ANALYSIS = YES;
				CLANG_WARN_STRICT_PROTOTYPES = YES;
				CLANG_WARN_SUSPICIOUS_MOVE = YES;
				CLANG_WARN_UNGUARDED_AVAILABILITY = YES_AGGRESSIVE;
				CLANG_WARN_UNREACHABLE_CODE = YES;
				CLANG_WARN__DUPLICATE_METHOD_MATCH = YES;
				CODE_SIGN_IDENTITY = "iPhone Developer";
				COPY_PHASE_STRIP = NO;
				DEBUG_INFORMATION_FORMAT = dwarf;
				ENABLE_STRICT_OBJC_MSGSEND = YES;
				ENABLE_TESTABILITY = YES;
				GCC_C_LANGUAGE_STANDARD = gnu11;
				GCC_DYNAMIC_NO_PIC = NO;
				GCC_NO_COMMON_BLOCKS = YES;
				GCC_OPTIMIZATION_LEVEL = 0;
				GCC_PREPROCESSOR_DEFINITIONS = (
					"DEBUG=1",
					"$(inherited)",
				);
				GCC_WARN_64_TO_32_BIT_CONVERSION = YES;
				GCC_WARN_ABOUT_RETURN_TYPE = YES_ERROR;
				GCC_WARN_UNDECLARED_SELECTOR = YES;
				GCC_WARN_UNINITIALIZED_AUTOS = YES_AGGRESSIVE;
				GCC_WARN_UNUSED_FUNCTION = YES;
				GCC_WARN_UNUSED_VARIABLE = YES;
				IPHONEOS_DEPLOYMENT_TARGET = 10.0;
				MTL_ENABLE_DEBUG_INFO = YES;
				ONLY_ACTIVE_ARCH = YES;
				SDKROOT = iphoneos;
				SWIFT_ACTIVE_COMPILATION_CONDITIONS = DEBUG;
				SWIFT_OPTIMIZATION_LEVEL = "-Onone";
			};
			name = Debug;
		};
		A8FD497D2091D0FE00394597 /* Release */ = {
			isa = XCBuildConfiguration;
			buildSettings = {
				ALWAYS_SEARCH_USER_PATHS = NO;
				CLANG_ANALYZER_NONNULL = YES;
				CLANG_ANALYZER_NUMBER_OBJECT_CONVERSION = YES_AGGRESSIVE;
				CLANG_CXX_LANGUAGE_STANDARD = "gnu++14";
				CLANG_CXX_LIBRARY = "libc++";
				CLANG_ENABLE_MODULES = YES;
				CLANG_ENABLE_OBJC_ARC = YES;
				CLANG_ENABLE_OBJC_WEAK = YES;
				CLANG_WARN_BLOCK_CAPTURE_AUTORELEASING = YES;
				CLANG_WARN_BOOL_CONVERSION = YES;
				CLANG_WARN_COMMA = YES;
				CLANG_WARN_CONSTANT_CONVERSION = YES;
				CLANG_WARN_DEPRECATED_OBJC_IMPLEMENTATIONS = YES;
				CLANG_WARN_DIRECT_OBJC_ISA_USAGE = YES_ERROR;
				CLANG_WARN_DOCUMENTATION_COMMENTS = YES;
				CLANG_WARN_EMPTY_BODY = YES;
				CLANG_WARN_ENUM_CONVERSION = YES;
				CLANG_WARN_INFINITE_RECURSION = YES;
				CLANG_WARN_INT_CONVERSION = YES;
				CLANG_WARN_NON_LITERAL_NULL_CONVERSION = YES;
				CLANG_WARN_OBJC_IMPLICIT_RETAIN_SELF = YES;
				CLANG_WARN_OBJC_LITERAL_CONVERSION = YES;
				CLANG_WARN_OBJC_ROOT_CLASS = YES_ERROR;
				CLANG_WARN_RANGE_LOOP_ANALYSIS = YES;
				CLANG_WARN_STRICT_PROTOTYPES = YES;
				CLANG_WARN_SUSPICIOUS_MOVE = YES;
				CLANG_WARN_UNGUARDED_AVAILABILITY = YES_AGGRESSIVE;
				CLANG_WARN_UNREACHABLE_CODE = YES;
				CLANG_WARN__DUPLICATE_METHOD_MATCH = YES;
				CODE_SIGN_IDENTITY = "iPhone Developer";
				COPY_PHASE_STRIP = NO;
				DEBUG_INFORMATION_FORMAT = "dwarf-with-dsym";
				ENABLE_NS_ASSERTIONS = NO;
				ENABLE_STRICT_OBJC_MSGSEND = YES;
				GCC_C_LANGUAGE_STANDARD = gnu11;
				GCC_NO_COMMON_BLOCKS = YES;
				GCC_WARN_64_TO_32_BIT_CONVERSION = YES;
				GCC_WARN_ABOUT_RETURN_TYPE = YES_ERROR;
				GCC_WARN_UNDECLARED_SELECTOR = YES;
				GCC_WARN_UNINITIALIZED_AUTOS = YES_AGGRESSIVE;
				GCC_WARN_UNUSED_FUNCTION = YES;
				GCC_WARN_UNUSED_VARIABLE = YES;
				IPHONEOS_DEPLOYMENT_TARGET = 10.0;
				MTL_ENABLE_DEBUG_INFO = NO;
				SDKROOT = iphoneos;
				SWIFT_COMPILATION_MODE = wholemodule;
				SWIFT_OPTIMIZATION_LEVEL = "-O";
				VALIDATE_PRODUCT = YES;
			};
			name = Release;
		};
		A8FD497F2091D0FE00394597 /* Debug */ = {
			isa = XCBuildConfiguration;
			baseConfigurationReference = 22AE1C593F36E0F61BABF2B8 /* Pods-VehicleListDemo.debug.xcconfig */;
			buildSettings = {
				ASSETCATALOG_COMPILER_APPICON_NAME = AppIcon;
				CODE_SIGN_STYLE = Automatic;
				DEVELOPMENT_TEAM = 6KF8AM7J9K;
				INFOPLIST_FILE = VehicleListDemo/Info.plist;
				LD_RUNPATH_SEARCH_PATHS = (
					"$(inherited)",
					"@executable_path/Frameworks",
				);
				PRODUCT_BUNDLE_IDENTIFIER = com.arslan.VehicleListDemo;
				PRODUCT_NAME = "$(TARGET_NAME)";
				SWIFT_VERSION = 4.0;
				TARGETED_DEVICE_FAMILY = "1,2";
			};
			name = Debug;
		};
		A8FD49802091D0FE00394597 /* Release */ = {
			isa = XCBuildConfiguration;
			baseConfigurationReference = 8279689F98E8A1910BD28BEE /* Pods-VehicleListDemo.release.xcconfig */;
			buildSettings = {
				ASSETCATALOG_COMPILER_APPICON_NAME = AppIcon;
				CODE_SIGN_STYLE = Automatic;
				DEVELOPMENT_TEAM = 6KF8AM7J9K;
				INFOPLIST_FILE = VehicleListDemo/Info.plist;
				LD_RUNPATH_SEARCH_PATHS = (
					"$(inherited)",
					"@executable_path/Frameworks",
				);
				PRODUCT_BUNDLE_IDENTIFIER = com.arslan.VehicleListDemo;
				PRODUCT_NAME = "$(TARGET_NAME)";
				SWIFT_VERSION = 4.0;
				TARGETED_DEVICE_FAMILY = "1,2";
			};
			name = Release;
		};
		A8FD49822091D0FE00394597 /* Debug */ = {
			isa = XCBuildConfiguration;
			baseConfigurationReference = F3FE3CDB457A843F041BF5CB /* Pods-VehicleListDemoTests.debug.xcconfig */;
			buildSettings = {
				ALWAYS_EMBED_SWIFT_STANDARD_LIBRARIES = YES;
				BUNDLE_LOADER = "$(TEST_HOST)";
				CODE_SIGN_STYLE = Automatic;
				DEVELOPMENT_TEAM = 6KF8AM7J9K;
				INFOPLIST_FILE = VehicleListDemoTests/Info.plist;
				LD_RUNPATH_SEARCH_PATHS = (
					"$(inherited)",
					"@executable_path/Frameworks",
					"@loader_path/Frameworks",
				);
				PRODUCT_BUNDLE_IDENTIFIER = com.arslan.VehicleListDemoTests;
				PRODUCT_NAME = "$(TARGET_NAME)";
				SWIFT_VERSION = 4.0;
				TARGETED_DEVICE_FAMILY = "1,2";
				TEST_HOST = "$(BUILT_PRODUCTS_DIR)/VehicleListDemo.app/VehicleListDemo";
			};
			name = Debug;
		};
		A8FD49832091D0FE00394597 /* Release */ = {
			isa = XCBuildConfiguration;
			baseConfigurationReference = 0199CBD149D6080D3CA28A06 /* Pods-VehicleListDemoTests.release.xcconfig */;
			buildSettings = {
				ALWAYS_EMBED_SWIFT_STANDARD_LIBRARIES = YES;
				BUNDLE_LOADER = "$(TEST_HOST)";
				CODE_SIGN_STYLE = Automatic;
				DEVELOPMENT_TEAM = 6KF8AM7J9K;
				INFOPLIST_FILE = VehicleListDemoTests/Info.plist;
				LD_RUNPATH_SEARCH_PATHS = (
					"$(inherited)",
					"@executable_path/Frameworks",
					"@loader_path/Frameworks",
				);
				PRODUCT_BUNDLE_IDENTIFIER = com.arslan.VehicleListDemoTests;
				PRODUCT_NAME = "$(TARGET_NAME)";
				SWIFT_VERSION = 4.0;
				TARGETED_DEVICE_FAMILY = "1,2";
				TEST_HOST = "$(BUILT_PRODUCTS_DIR)/VehicleListDemo.app/VehicleListDemo";
			};
			name = Release;
		};
/* End XCBuildConfiguration section */

/* Begin XCConfigurationList section */
		A8FD495C2091D0FC00394597 /* Build configuration list for PBXProject "VehicleListDemo" */ = {
			isa = XCConfigurationList;
			buildConfigurations = (
				A8FD497C2091D0FE00394597 /* Debug */,
				A8FD497D2091D0FE00394597 /* Release */,
			);
			defaultConfigurationIsVisible = 0;
			defaultConfigurationName = Release;
		};
		A8FD497E2091D0FE00394597 /* Build configuration list for PBXNativeTarget "VehicleListDemo" */ = {
			isa = XCConfigurationList;
			buildConfigurations = (
				A8FD497F2091D0FE00394597 /* Debug */,
				A8FD49802091D0FE00394597 /* Release */,
			);
			defaultConfigurationIsVisible = 0;
			defaultConfigurationName = Release;
		};
		A8FD49812091D0FE00394597 /* Build configuration list for PBXNativeTarget "VehicleListDemoTests" */ = {
			isa = XCConfigurationList;
			buildConfigurations = (
				A8FD49822091D0FE00394597 /* Debug */,
				A8FD49832091D0FE00394597 /* Release */,
			);
			defaultConfigurationIsVisible = 0;
			defaultConfigurationName = Release;
		};
/* End XCConfigurationList section */
	};
	rootObject = A8FD49592091D0FC00394597 /* Project object */;
}
